version = 1
revision = 3
requires-python = "==3.9.*"

[[package]]
name = "attrs"
version = "23.1.0"
source = { registry = "https://pypi.org/simple" }
sdist = { url = "https://files.pythonhosted.org/packages/97/90/81f95d5f705be17872843536b1868f351805acf6971251ff07c1b8334dbb/attrs-23.1.0.tar.gz", hash = "sha256:6279836d581513a26f1bf235f9acd333bc9115683f14f7e8fae46c98fc50e015", size = 212878, upload-time = "2023-04-16T10:48:18.214Z" }
wheels = [
    { url = "https://files.pythonhosted.org/packages/f0/eb/fcb708c7bf5056045e9e98f62b93bd7467eb718b0202e7698eb11d66416c/attrs-23.1.0-py3-none-any.whl", hash = "sha256:1f28b4522cdc2fb4256ac1a020c78acf9cba2c6b461ccd2c126f3aa8e8335d04", size = 61160, upload-time = "2023-04-16T10:48:16.358Z" },
]

[[package]]
name = "beautifulsoup4"
version = "4.12.2"
source = { registry = "https://pypi.org/simple" }
dependencies = [
    { name = "soupsieve" },
]
sdist = { url = "https://files.pythonhosted.org/packages/af/0b/44c39cf3b18a9280950ad63a579ce395dda4c32193ee9da7ff0aed547094/beautifulsoup4-4.12.2.tar.gz", hash = "sha256:492bbc69dca35d12daac71c4db1bfff0c876c00ef4a2ffacce226d4638eb72da", size = 505113, upload-time = "2023-04-07T15:02:49.038Z" }
wheels = [
    { url = "https://files.pythonhosted.org/packages/57/f4/a69c20ee4f660081a7dedb1ac57f29be9378e04edfcb90c526b923d4bebc/beautifulsoup4-4.12.2-py3-none-any.whl", hash = "sha256:bd2520ca0d9d7d12694a53d44ac482d181b4ec1888909b035a3dbf40d0f57d4a", size = 142979, upload-time = "2023-04-07T15:02:50.77Z" },
]

[[package]]
name = "certifi"
version = "2023.5.7"
source = { registry = "https://pypi.org/simple" }
sdist = { url = "https://files.pythonhosted.org/packages/93/71/752f7a4dd4c20d6b12341ed1732368546bc0ca9866139fe812f6009d9ac7/certifi-2023.5.7.tar.gz", hash = "sha256:0f0d56dc5a6ad56fd4ba36484d6cc34451e1c6548c61daad8c320169f91eddc7", size = 158051, upload-time = "2023-05-07T07:30:57.118Z" }
wheels = [
    { url = "https://files.pythonhosted.org/packages/9d/19/59961b522e6757f0c9097e4493fa906031b95b3ebe9360b2c3083561a6b4/certifi-2023.5.7-py3-none-any.whl", hash = "sha256:c6c2e98f5c7869efca1f8916fed228dd91539f9f1b444c314c06eef02980c716", size = 156962, upload-time = "2023-05-07T07:30:54.402Z" },
]

[[package]]
name = "cffi"
version = "2.0.0"
source = { registry = "https://pypi.org/simple" }
dependencies = [
    { name = "pycparser", marker = "implementation_name != 'PyPy'" },
]
sdist = { url = "https://files.pythonhosted.org/packages/eb/56/b1ba7935a17738ae8453301356628e8147c79dbb825bcbc73dc7401f9846/cffi-2.0.0.tar.gz", hash = "sha256:44d1b5909021139fe36001ae048dbdde8214afa20200eda0f64c068cac5d5529", size = 523588, upload-time = "2025-09-08T23:24:04.541Z" }
wheels = [
    { url = "https://files.pythonhosted.org/packages/aa/d9/6218d78f920dcd7507fc16a766b5ef8f3b913cc7aa938e7fc80b9978d089/cffi-2.0.0-cp39-cp39-win32.whl", hash = "sha256:2081580ebb843f759b9f617314a24ed5738c51d2aee65d31e02f6f7a2b97707a", size = 172138, upload-time = "2025-09-08T23:24:01.7Z" },
    { url = "https://files.pythonhosted.org/packages/54/8f/a1e836f82d8e32a97e6b29cc8f641779181ac7363734f12df27db803ebda/cffi-2.0.0-cp39-cp39-win_amd64.whl", hash = "sha256:b882b3df248017dba09d6b16defe9b5c407fe32fc7c65a9c69798e6175601be9", size = 182794, upload-time = "2025-09-08T23:24:02.943Z" },
]

[[package]]
name = "charset-normalizer"
version = "3.1.0"
source = { registry = "https://pypi.org/simple" }
sdist = { url = "https://files.pythonhosted.org/packages/ff/d7/8d757f8bd45be079d76309248845a04f09619a7b17d6dfc8c9ff6433cac2/charset-normalizer-3.1.0.tar.gz", hash = "sha256:34e0a2f9c370eb95597aae63bf85eb5e96826d81e3dcf88b8886012906f509b5", size = 95987, upload-time = "2023-03-06T09:49:37.964Z" }
wheels = [
    { url = "https://files.pythonhosted.org/packages/12/68/4812f9b05ac0a2b7619ac3dd7d7e3fc52c12006b84617021c615fc2fcf42/charset_normalizer-3.1.0-cp39-cp39-macosx_10_9_universal2.whl", hash = "sha256:38e812a197bf8e71a59fe55b757a84c1f946d0ac114acafaafaf21667a7e169e", size = 201879, upload-time = "2023-03-06T09:49:18.283Z" },
    { url = "https://files.pythonhosted.org/packages/d5/92/86c0f0e66e897f6818c46dadef328a5b345d061688f9960fc6ca1fd03dbe/charset_normalizer-3.1.0-cp39-cp39-macosx_10_9_x86_64.whl", hash = "sha256:6baf0baf0d5d265fa7944feb9f7451cc316bfe30e8df1a61b1bb08577c554f31", size = 124711, upload-time = "2023-03-06T09:49:19.895Z" },
    { url = "https://files.pythonhosted.org/packages/ac/7f/62d5dff4e9cb993e4b0d4ea78a74cc84d7d92120879529e0ce0965765936/charset_normalizer-3.1.0-cp39-cp39-macosx_11_0_arm64.whl", hash = "sha256:8f25e17ab3039b05f762b0a55ae0b3632b2e073d9c8fc88e89aca31a6198e88f", size = 122985, upload-time = "2023-03-06T09:49:21.053Z" },
    { url = "https://files.pythonhosted.org/packages/f6/0f/de1c4030fd669e6719277043e3b0f152a83c118dd1020cf85b51d443d04a/charset_normalizer-3.1.0-cp39-cp39-manylinux_2_17_aarch64.manylinux2014_aarch64.whl", hash = "sha256:3747443b6a904001473370d7810aa19c3a180ccd52a7157aacc264a5ac79265e", size = 196371, upload-time = "2023-03-06T09:49:22.307Z" },
    { url = "https://files.pythonhosted.org/packages/45/3d/fa2683f5604f99fba5098a7313e5d4846baaecbee754faf115907f21a85f/charset_normalizer-3.1.0-cp39-cp39-manylinux_2_17_ppc64le.manylinux2014_ppc64le.whl", hash = "sha256:b116502087ce8a6b7a5f1814568ccbd0e9f6cfd99948aa59b0e241dc57cf739f", size = 209360, upload-time = "2023-03-06T09:49:23.482Z" },
    { url = "https://files.pythonhosted.org/packages/1f/be/c6c76cf8fcf6918922223203c83ba8192eff1c6a709e8cfec7f5ca3e7d2d/charset_normalizer-3.1.0-cp39-cp39-manylinux_2_17_s390x.manylinux2014_s390x.whl", hash = "sha256:d16fd5252f883eb074ca55cb622bc0bee49b979ae4e8639fff6ca3ff44f9f854", size = 199435, upload-time = "2023-03-06T09:49:24.717Z" },
    { url = "https://files.pythonhosted.org/packages/33/97/9967fb2d364a9da38557e4af323abcd58cc05bdd8f77e9fd5ae4882772cc/charset_normalizer-3.1.0-cp39-cp39-manylinux_2_17_x86_64.manylinux2014_x86_64.whl", hash = "sha256:21fa558996782fc226b529fdd2ed7866c2c6ec91cee82735c98a197fae39f706", size = 199240, upload-time = "2023-03-06T09:49:25.917Z" },
    { url = "https://files.pythonhosted.org/packages/94/70/23981e7bf098efbc4037e7c66d28a10e950d9296c08c6dea8ef290f9c79e/charset_normalizer-3.1.0-cp39-cp39-manylinux_2_5_i686.manylinux1_i686.manylinux_2_17_i686.manylinux2014_i686.whl", hash = "sha256:6f6c7a8a57e9405cad7485f4c9d3172ae486cfef1344b5ddd8e5239582d7355e", size = 200918, upload-time = "2023-03-06T09:49:27.097Z" },
    { url = "https://files.pythonhosted.org/packages/4e/11/f7077d78b18aca8ea3186a706c0221aa2bc34c442a3d3bdf3ad401a29052/charset_normalizer-3.1.0-cp39-cp39-musllinux_1_1_aarch64.whl", hash = "sha256:ac3775e3311661d4adace3697a52ac0bab17edd166087d493b52d4f4f553f9f0", size = 192828, upload-time = "2023-03-06T09:49:28.194Z" },
    { url = "https://files.pythonhosted.org/packages/1c/9b/de2adc43345623da8e7c958719528a42b6d87d2601017ce1187d43b8a2d7/charset_normalizer-3.1.0-cp39-cp39-musllinux_1_1_i686.whl", hash = "sha256:10c93628d7497c81686e8e5e557aafa78f230cd9e77dd0c40032ef90c18f2230", size = 194625, upload-time = "2023-03-06T09:49:29.338Z" },
    { url = "https://files.pythonhosted.org/packages/4f/7c/af43743567a7da2a069b4f9fa31874c3c02b963cd1fb84fe1e7568a567e6/charset_normalizer-3.1.0-cp39-cp39-musllinux_1_1_ppc64le.whl", hash = "sha256:6f4f4668e1831850ebcc2fd0b1cd11721947b6dc7c00bf1c6bd3c929ae14f2c7", size = 204767, upload-time = "2023-03-06T09:49:30.531Z" },
    { url = "https://files.pythonhosted.org/packages/a2/6c/5167f08da5298f383036c33cb749ab5b3405fd07853edc8314c6882c01b8/charset_normalizer-3.1.0-cp39-cp39-musllinux_1_1_s390x.whl", hash = "sha256:0be65ccf618c1e7ac9b849c315cc2e8a8751d9cfdaa43027d4f6624bd587ab7e", size = 195548, upload-time = "2023-03-06T09:49:31.745Z" },
    { url = "https://files.pythonhosted.org/packages/a9/83/138d2624fdbcb62b7e14715eb721d44347e41a1b4c16544661e940793f49/charset_normalizer-3.1.0-cp39-cp39-musllinux_1_1_x86_64.whl", hash = "sha256:53d0a3fa5f8af98a1e261de6a3943ca631c526635eb5817a87a59d9a57ebf48f", size = 192827, upload-time = "2023-03-06T09:49:32.905Z" },
    { url = "https://files.pythonhosted.org/packages/bc/92/ac692a303e53cdc8852ce72b1ac364b493ca5c9206a5c8db5b30a7f3019c/charset_normalizer-3.1.0-cp39-cp39-win32.whl", hash = "sha256:a04f86f41a8916fe45ac5024ec477f41f886b3c435da2d4e3d2709b22ab02af1", size = 89515, upload-time = "2023-03-06T09:49:33.999Z" },
    { url = "https://files.pythonhosted.org/packages/d1/ff/51fe7e6446415f143b159740c727850172bc35622b2a06dde3354bdebaf3/charset_normalizer-3.1.0-cp39-cp39-win_amd64.whl", hash = "sha256:830d2948a5ec37c386d3170c483063798d7879037492540f10a475e3fd6f244b", size = 97084, upload-time = "2023-03-06T09:49:35.166Z" },
    { url = "https://files.pythonhosted.org/packages/ef/81/14b3b8f01ddaddad6cdec97f2f599aa2fa466bd5ee9af99b08b7713ccd29/charset_normalizer-3.1.0-py3-none-any.whl", hash = "sha256:3d9098b479e78c85080c98e1e35ff40b4a31d8953102bb0fd7d1b6f8a2111a3d", size = 46166, upload-time = "2023-03-06T09:49:36.848Z" },
]

[[package]]
name = "colorama"
version = "0.4.6"
source = { registry = "https://pypi.org/simple" }
sdist = { url = "https://files.pythonhosted.org/packages/d8/53/6f443c9a4a8358a93a6792e2acffb9d9d5cb0a5cfd8802644b7b1c9a02e4/colorama-0.4.6.tar.gz", hash = "sha256:08695f5cb7ed6e0531a20572697297273c47b8cae5a63ffc6d6ed5c201be6e44", size = 27697, upload-time = "2022-10-25T02:36:22.414Z" }
wheels = [
    { url = "https://files.pythonhosted.org/packages/d1/d6/3965ed04c63042e047cb6a3e6ed1a63a35087b6a609aa3a15ed8ac56c221/colorama-0.4.6-py2.py3-none-any.whl", hash = "sha256:4f1d9991f5acc0ca119f9d443620b77f9d6b33703e51011c16baf57afb285fc6", size = 25335, upload-time = "2022-10-25T02:36:20.889Z" },
]

[[package]]
name = "exceptiongroup"
version = "1.1.2"
source = { registry = "https://pypi.org/simple" }
sdist = { url = "https://files.pythonhosted.org/packages/55/09/5d2079ecab0ca483e527a1707a483562bdc17abf829d3e73f0c1a73b61c7/exceptiongroup-1.1.2.tar.gz", hash = "sha256:12c3e887d6485d16943a309616de20ae5582633e0a2eda17f4e10fd61c1e8af5", size = 23124, upload-time = "2023-07-03T09:54:56.608Z" }
wheels = [
    { url = "https://files.pythonhosted.org/packages/fe/17/f43b7c9ccf399d72038042ee72785c305f6c6fdc6231942f8ab99d995742/exceptiongroup-1.1.2-py3-none-any.whl", hash = "sha256:e346e69d186172ca7cf029c8c1d16235aa0e04035e5750b4b95039e65204328f", size = 14446, upload-time = "2023-07-03T09:54:55.509Z" },
]

[[package]]
name = "feedparser"
version = "6.0.10"
source = { registry = "https://pypi.org/simple" }
dependencies = [
    { name = "sgmllib3k" },
]
sdist = { url = "https://files.pythonhosted.org/packages/63/9a/824e3c036dec4f0adb4e7c36dcf4cbffc9ee317a4985218cb1663c7ab4ad/feedparser-6.0.10.tar.gz", hash = "sha256:27da485f4637ce7163cdeab13a80312b93b7d0c1b775bef4a47629a3110bca51", size = 286395, upload-time = "2022-05-21T13:54:12.625Z" }
wheels = [
    { url = "https://files.pythonhosted.org/packages/92/1e/741fd94cf2855d251712868f2183cb6485a28daaa3947e1a7046dc036aca/feedparser-6.0.10-py3-none-any.whl", hash = "sha256:79c257d526d13b944e965f6095700587f27388e50ea16fd245babe4dfae7024f", size = 81103, upload-time = "2022-05-21T13:54:10.647Z" },
]

[[package]]
name = "h11"
version = "0.14.0"
source = { registry = "https://pypi.org/simple" }
sdist = { url = "https://files.pythonhosted.org/packages/f5/38/3af3d3633a34a3316095b39c8e8fb4853a28a536e55d347bd8d8e9a14b03/h11-0.14.0.tar.gz", hash = "sha256:8f19fbbe99e72420ff35c00b27a34cb9937e902a8b810e2c88300c6f0a3b699d", size = 100418, upload-time = "2022-09-25T15:40:01.519Z" }
wheels = [
    { url = "https://files.pythonhosted.org/packages/95/04/ff642e65ad6b90db43e668d70ffb6736436c7ce41fcc549f4e9472234127/h11-0.14.0-py3-none-any.whl", hash = "sha256:e3fe4ac4b851c468cc8363d500db52c2ead036020723024a109d37346efaa761", size = 58259, upload-time = "2022-09-25T15:39:59.68Z" },
]

[[package]]
name = "html5lib"
version = "1.1"
source = { registry = "https://pypi.org/simple" }
dependencies = [
    { name = "six" },
    { name = "webencodings" },
]
sdist = { url = "https://files.pythonhosted.org/packages/ac/b6/b55c3f49042f1df3dcd422b7f224f939892ee94f22abcf503a9b7339eaf2/html5lib-1.1.tar.gz", hash = "sha256:b2e5b40261e20f354d198eae92afc10d750afb487ed5e50f9c4eaf07c184146f", size = 272215, upload-time = "2020-06-22T23:32:38.834Z" }
wheels = [
    { url = "https://files.pythonhosted.org/packages/6c/dd/a834df6482147d48e225a49515aabc28974ad5a4ca3215c18a882565b028/html5lib-1.1-py2.py3-none-any.whl", hash = "sha256:0d78f8fde1c230e99fe37986a60526d7049ed4bf8a9fadbad5f00e22e58e041d", size = 112173, upload-time = "2020-06-22T23:32:36.781Z" },
]

[[package]]
name = "idna"
version = "3.4"
source = { registry = "https://pypi.org/simple" }
sdist = { url = "https://files.pythonhosted.org/packages/8b/e1/43beb3d38dba6cb420cefa297822eac205a277ab43e5ba5d5c46faf96438/idna-3.4.tar.gz", hash = "sha256:814f528e8dead7d329833b91c5faa87d60bf71824cd12a7530b5526063d02cb4", size = 183077, upload-time = "2022-09-14T00:24:27.719Z" }
wheels = [
    { url = "https://files.pythonhosted.org/packages/fc/34/3030de6f1370931b9dbb4dad48f6ab1015ab1d32447850b9fc94e60097be/idna-3.4-py3-none-any.whl", hash = "sha256:90b77e79eaa3eba6de819a0c442c0b4ceefc341a7a2ab77d7562bf49f425c5c2", size = 61538, upload-time = "2022-09-14T00:24:23.22Z" },
]

[[package]]
name = "lxml"
version = "4.9.3"
source = { registry = "https://pypi.org/simple" }
sdist = { url = "https://files.pythonhosted.org/packages/30/39/7305428d1c4f28282a4f5bdbef24e0f905d351f34cf351ceb131f5cddf78/lxml-4.9.3.tar.gz", hash = "sha256:48628bd53a426c9eb9bc066a923acaa0878d1e86129fd5359aee99285f4eed9c", size = 3572158, upload-time = "2023-07-05T11:48:43.19Z" }
wheels = [
    { url = "https://files.pythonhosted.org/packages/50/e1/1c23a817d68418a59b39e6d2b353e211728c21353900279a04e65f6507a0/lxml-4.9.3-cp39-cp39-macosx_11_0_x86_64.whl", hash = "sha256:9bb6ad405121241e99a86efff22d3ef469024ce22875a7ae045896ad23ba2340", size = 4798888, upload-time = "2023-07-05T11:52:33.497Z" },
    { url = "https://files.pythonhosted.org/packages/6d/8f/eb30dead5cd2dd8f0a91f8bcb371688e158c8cbb4a3496e41196ea1171c0/lxml-4.9.3-cp39-cp39-manylinux_2_12_i686.manylinux2010_i686.manylinux_2_24_i686.whl", hash = "sha256:8ed74706b26ad100433da4b9d807eae371efaa266ffc3e9191ea436087a9d6a7", size = 7142503, upload-time = "2023-07-05T11:52:36.864Z" },
    { url = "https://files.pythonhosted.org/packages/cc/b9/d822b2fc9b9406cff3ec6be03d69adb0e44fcad09608489ea4acaf2443bb/lxml-4.9.3-cp39-cp39-manylinux_2_17_x86_64.manylinux2014_x86_64.manylinux_2_24_x86_64.whl", hash = "sha256:fbf521479bcac1e25a663df882c46a641a9bff6b56dc8b0fafaebd2f66fb231b", size = 7067481, upload-time = "2023-07-07T09:48:57.396Z" },
    { url = "https://files.pythonhosted.org/packages/de/07/fcfc5adfb793e6181049a361b2909723c5821b2bc18a21064da4429631a8/lxml-4.9.3-cp39-cp39-manylinux_2_28_aarch64.whl", hash = "sha256:303bf1edce6ced16bf67a18a1cf8339d0db79577eec5d9a6d4a80f0fb10aa2da", size = 7786240, upload-time = "2023-07-05T11:52:40.617Z" },
    { url = "https://files.pythonhosted.org/packages/c5/a2/7876f76606725340c989b1c73b5501fc41fb21e50a8597c9ecdb63a05b27/lxml-4.9.3-cp39-cp39-manylinux_2_28_x86_64.whl", hash = "sha256:5515edd2a6d1a5a70bfcdee23b42ec33425e405c5b351478ab7dc9347228f96e", size = 8036045, upload-time = "2023-07-05T11:52:44.831Z" },
    { url = "https://files.pythonhosted.org/packages/35/0b/7c3b67cf80d3b826273f860c20810c791c39ce55df612c8bf4bbdfa1ec11/lxml-4.9.3-cp39-cp39-manylinux_2_5_i686.manylinux1_i686.whl", hash = "sha256:690dafd0b187ed38583a648076865d8c229661ed20e48f2335d68e2cf7dc829d", size = 5481521, upload-time = "2023-07-05T11:52:49.294Z" },
    { url = "https://files.pythonhosted.org/packages/6a/bf/a2f75c3c1e4e310e14cfe81117c8c1fca092bbb595babebd7df66b8eb5e6/lxml-4.9.3-cp39-cp39-manylinux_2_5_x86_64.manylinux1_x86_64.whl", hash = "sha256:b6420a005548ad52154c8ceab4a1290ff78d757f9e5cbc68f8c77089acd3c432", size = 5628260, upload-time = "2023-07-05T11:52:52.987Z" },
    { url = "https://files.pythonhosted.org/packages/a2/e5/78402bb7bc3e9b43c7857f9e2c60ab5b5d5d9aa35ae76b4043b12535eb18/lxml-4.9.3-cp39-cp39-musllinux_1_1_aarch64.whl", hash = "sha256:bb3bb49c7a6ad9d981d734ef7c7193bc349ac338776a0360cc671eaee89bcf69", size = 7616316, upload-time = "2023-07-05T11:52:56.696Z" },
    { url = "https://files.pythonhosted.org/packages/39/6f/ed4327ac1370da702b7ac4047f4664fbdfb92a98b87ac779863202efc1ff/lxml-4.9.3-cp39-cp39-musllinux_1_1_x86_64.whl", hash = "sha256:d27be7405547d1f958b60837dc4c1007da90b8b23f54ba1f8b728c78fdb19d50", size = 7795857, upload-time = "2023-07-05T11:53:00.931Z" },
    { url = "https://files.pythonhosted.org/packages/7c/e2/db654ad1b98fe20ad675e2dd0873770bb76fb0becaab7457a72e34f02437/lxml-4.9.3-cp39-cp39-win32.whl", hash = "sha256:8df133a2ea5e74eef5e8fc6f19b9e085f758768a16e9877a60aec455ed2609b2", size = 3486498, upload-time = "2023-07-05T11:53:04.148Z" },
    { url = "https://files.pythonhosted.org/packages/80/2e/49751104148b03ad880aaf381cc24d67b7d8f401f7d074ad7db4f6d95597/lxml-4.9.3-cp39-cp39-win_amd64.whl", hash = "sha256:4dd9a263e845a72eacb60d12401e37c616438ea2e5442885f65082c276dfb2b2", size = 3899581, upload-time = "2023-07-05T11:53:07.65Z" },
    { url = "https://files.pythonhosted.org/packages/b6/4b/8964ca1238c6952d33afdcd89771a95a7e4ac7949e543c6685a6bd7b47c2/lxml-4.9.3-pp39-pypy39_pp73-macosx_11_0_x86_64.whl", hash = "sha256:ed667f49b11360951e201453fc3967344d0d0263aa415e1619e85ae7fd17b4e0", size = 4030098, upload-time = "2023-07-05T11:53:34.174Z" },
    { url = "https://files.pythonhosted.org/packages/e4/f0/715c36f1fa3a12c0df47aef20b2ddcb09dbb346c7861628bbccf4a7cb8f4/lxml-4.9.3-pp39-pypy39_pp73-manylinux_2_12_i686.manylinux2010_i686.manylinux_2_24_i686.whl", hash = "sha256:8b77946fd508cbf0fccd8e400a7f71d4ac0e1595812e66025bac475a8e811694", size = 6050838, upload-time = "2023-07-05T11:53:37.559Z" },
    { url = "https://files.pythonhosted.org/packages/e5/47/fab85a1b473be9fc2a3b3329e0970b287123bd02367fe83ae06ca6ef5f58/lxml-4.9.3-pp39-pypy39_pp73-manylinux_2_17_x86_64.manylinux2014_x86_64.manylinux_2_24_x86_64.whl", hash = "sha256:e4da8ca0c0c0aea88fd46be8e44bd49716772358d648cce45fe387f7b92374a7", size = 5972830, upload-time = "2023-07-07T09:49:13.939Z" },
    { url = "https://files.pythonhosted.org/packages/1b/ea/50d8357ed72f6c8352fe08657a9b05d672a4ab2470b9447fd73d87f0d47a/lxml-4.9.3-pp39-pypy39_pp73-manylinux_2_28_x86_64.whl", hash = "sha256:fe4bda6bd4340caa6e5cf95e73f8fea5c4bfc55763dd42f1b50a94c1b4a2fbd4", size = 6324247, upload-time = "2023-07-05T11:53:40.938Z" },
    { url = "https://files.pythonhosted.org/packages/c5/c3/5d4c530891dc77121536883772dd81e93142ef4fe82e07d156821f2df037/lxml-4.9.3-pp39-pypy39_pp73-win_amd64.whl", hash = "sha256:f3df3db1d336b9356dd3112eae5f5c2b8b377f3bc826848567f10bfddfee77e9", size = 3460356, upload-time = "2023-07-05T11:53:43.779Z" },
]

[[package]]
name = "numpy"
version = "1.25.0"
source = { registry = "https://pypi.org/simple" }
sdist = { url = "https://files.pythonhosted.org/packages/d0/b2/fe774844d1857804cc884bba67bec38f649c99d0dc1ee7cbbf1da601357c/numpy-1.25.0.tar.gz", hash = "sha256:f1accae9a28dc3cda46a91de86acf69de0d1b5f4edd44a9b0c3ceb8036dfff19", size = 10426700, upload-time = "2023-06-17T14:58:46.772Z" }
wheels = [
    { url = "https://files.pythonhosted.org/packages/f4/73/08500367cf69634970c87d11bcc82dc0daf4d9554a3e5d4a3750f26c25b7/numpy-1.25.0-cp39-cp39-macosx_10_9_x86_64.whl", hash = "sha256:b792164e539d99d93e4e5e09ae10f8cbe5466de7d759fc155e075237e0c274e4", size = 20087986, upload-time = "2023-06-17T14:45:12.245Z" },
    { url = "https://files.pythonhosted.org/packages/d0/62/7c85c27e4277b142a91023bfb69ba27f1783777d31f5e920b314e1a92f69/numpy-1.25.0-cp39-cp39-macosx_11_0_arm64.whl", hash = "sha256:7cd981ccc0afe49b9883f14761bb57c964df71124dcd155b0cba2b591f0d64b9", size = 13990971, upload-time = "2023-06-17T14:45:38.176Z" },
    { url = "https://files.pythonhosted.org/packages/d2/b0/ce6c0056f057e681b0b9f78900e122715389f865047c25fc2f37bfe2f8fe/numpy-1.25.0-cp39-cp39-manylinux_2_17_aarch64.manylinux2014_aarch64.whl", hash = "sha256:5aa48bebfb41f93043a796128854b84407d4df730d3fb6e5dc36402f5cd594c0", size = 14171380, upload-time = "2023-06-17T14:46:02.073Z" },
    { url = "https://files.pythonhosted.org/packages/68/44/1ff079e62f44fc6d17aea45ec6a7008c033c9a59972644c320c4fda95a49/numpy-1.25.0-cp39-cp39-manylinux_2_17_x86_64.manylinux2014_x86_64.whl", hash = "sha256:5177310ac2e63d6603f659fadc1e7bab33dd5a8db4e0596df34214eeab0fee3b", size = 17657037, upload-time = "2023-06-17T14:46:33.971Z" },
    { url = "https://files.pythonhosted.org/packages/8e/de/a6cddb5b3b2ffd03bc0061dcb7c0edeaff2d10460eed8e0e9a57341ce455/numpy-1.25.0-cp39-cp39-musllinux_1_1_x86_64.whl", hash = "sha256:0ac6edfb35d2a99aaf102b509c8e9319c499ebd4978df4971b94419a116d0790", size = 17482524, upload-time = "2023-06-17T14:47:04.723Z" },
    { url = "https://files.pythonhosted.org/packages/52/68/ce0a665654fbc26a00ba9dfbd98a6f749246576bbc826710676ca9f67a1c/numpy-1.25.0-cp39-cp39-win32.whl", hash = "sha256:7412125b4f18aeddca2ecd7219ea2d2708f697943e6f624be41aa5f8a9852cc4", size = 12636181, upload-time = "2023-06-17T14:47:25.801Z" },
    { url = "https://files.pythonhosted.org/packages/50/4b/2246882e9c89e8da081296bef4539ab1d44bf97f757931ddaf5f7d0a3b58/numpy-1.25.0-cp39-cp39-win_amd64.whl", hash = "sha256:26815c6c8498dc49d81faa76d61078c4f9f0859ce7817919021b9eba72b425e3", size = 15061375, upload-time = "2023-06-17T14:47:50.416Z" },
    { url = "https://files.pythonhosted.org/packages/e3/51/524ba2b98e083b59dc287011adc6829778c496998aa329715a6a13ae4735/numpy-1.25.0-pp39-pypy39_pp73-macosx_10_9_x86_64.whl", hash = "sha256:5b1b90860bf7d8a8c313b372d4f27343a54f415b20fb69dd601b7efe1029c91e", size = 19409896, upload-time = "2023-06-17T14:48:20.613Z" },
    { url = "https://files.pythonhosted.org/packages/75/74/7eec4db7eea3796fe6f47bc358c24447fc66a080ac2fd35cbe4a3cd8d17b/numpy-1.25.0-pp39-pypy39_pp73-manylinux_2_17_x86_64.manylinux2014_x86_64.whl", hash = "sha256:85cdae87d8c136fd4da4dad1e48064d700f63e923d5af6c8c782ac0df8044542", size = 17011428, upload-time = "2023-06-17T14:48:50.045Z" },
    { url = "https://files.pythonhosted.org/packages/76/72/d9e66a7bef82261aff26c71b8ac8b13fa2ffa965e046be958f949ca3388f/numpy-1.25.0-pp39-pypy39_pp73-win_amd64.whl", hash = "sha256:cc3fda2b36482891db1060f00f881c77f9423eead4c3579629940a3e12095fe8", size = 14922176, upload-time = "2023-06-17T14:49:15.68Z" },
]

[[package]]
name = "outcome"
version = "1.2.0"
source = { registry = "https://pypi.org/simple" }
dependencies = [
    { name = "attrs" },
]
sdist = { url = "https://files.pythonhosted.org/packages/dd/91/741e1626e89fdc3664169e16300c59eefa4b23540cc6d6c70450f885098f/outcome-1.2.0.tar.gz", hash = "sha256:6f82bd3de45da303cf1f771ecafa1633750a358436a8bb60e06a1ceb745d2672", size = 17177, upload-time = "2022-06-14T10:44:32.975Z" }
wheels = [
    { url = "https://files.pythonhosted.org/packages/e9/4f/2f2d3f65d851852712b4de3fd0cfdcec9c5e9a9c347430e004ba770ef4db/outcome-1.2.0-py2.py3-none-any.whl", hash = "sha256:c4ab89a56575d6d38a05aa16daeaa333109c1f96167aba8901ab18b6b5e0f7f5", size = 9726, upload-time = "2022-06-14T10:44:30.449Z" },
]

[[package]]
name = "packaging"
version = "23.1"
source = { registry = "https://pypi.org/simple" }
sdist = { url = "https://files.pythonhosted.org/packages/b9/6c/7c6658d258d7971c5eb0d9b69fa9265879ec9a9158031206d47800ae2213/packaging-23.1.tar.gz", hash = "sha256:a392980d2b6cffa644431898be54b0045151319d1e7ec34f0cfed48767dd334f", size = 134240, upload-time = "2023-04-12T16:11:11.76Z" }
wheels = [
    { url = "https://files.pythonhosted.org/packages/ab/c3/57f0601a2d4fe15de7a553c00adbc901425661bf048f2a22dfc500caf121/packaging-23.1-py3-none-any.whl", hash = "sha256:994793af429502c4ea2ebf6bf664629d07c1a9fe974af92966e4b8d2df7edc61", size = 48905, upload-time = "2023-04-12T16:11:09.29Z" },
]

[[package]]
name = "pandas"
version = "2.0.3"
source = { registry = "https://pypi.org/simple" }
dependencies = [
    { name = "numpy" },
    { name = "python-dateutil" },
    { name = "pytz" },
    { name = "tzdata" },
]
sdist = { url = "https://files.pythonhosted.org/packages/b1/a7/824332581e258b5aa4f3763ecb2a797e5f9a54269044ba2e50ac19936b32/pandas-2.0.3.tar.gz", hash = "sha256:c02f372a88e0d17f36d3093a644c73cfc1788e876a7c4bcb4020a77512e2043c", size = 5284455, upload-time = "2023-06-28T23:19:33.371Z" }
wheels = [
    { url = "https://files.pythonhosted.org/packages/f8/c7/cfef920b7b457dff6928e824896cb82367650ea127d048ee0b820026db4f/pandas-2.0.3-cp39-cp39-macosx_10_9_x86_64.whl", hash = "sha256:5247fb1ba347c1261cbbf0fcfba4a3121fbb4029d95d9ef4dc45406620b25c8b", size = 11834160, upload-time = "2023-06-28T23:18:40.332Z" },
    { url = "https://files.pythonhosted.org/packages/6c/1c/689c9d99bc4e5d366a5fd871f0bcdee98a6581e240f96b78d2d08f103774/pandas-2.0.3-cp39-cp39-macosx_11_0_arm64.whl", hash = "sha256:81af086f4543c9d8bb128328b5d32e9986e0c84d3ee673a2ac6fb57fd14f755e", size = 10862752, upload-time = "2023-06-28T23:18:50.016Z" },
    { url = "https://files.pythonhosted.org/packages/cc/b8/4d082f41c27c95bf90485d1447b647cc7e5680fea75e315669dc6e4cb398/pandas-2.0.3-cp39-cp39-manylinux_2_17_aarch64.manylinux2014_aarch64.whl", hash = "sha256:1994c789bf12a7c5098277fb43836ce090f1073858c10f9220998ac74f37c69b", size = 11715852, upload-time = "2023-06-28T23:19:00.594Z" },
    { url = "https://files.pythonhosted.org/packages/9e/0d/91a9fd2c202f2b1d97a38ab591890f86480ecbb596cbc56d035f6f23fdcc/pandas-2.0.3-cp39-cp39-manylinux_2_17_x86_64.manylinux2014_x86_64.whl", hash = "sha256:5ec591c48e29226bcbb316e0c1e9423622bc7a4eaf1ef7c3c9fa1a3981f89641", size = 12398496, upload-time = "2023-06-28T23:19:11.78Z" },
    { url = "https://files.pythonhosted.org/packages/26/7d/d8aa0a2c4f3f5f8ea59fb946c8eafe8f508090ca73e2b08a9af853c1103e/pandas-2.0.3-cp39-cp39-win32.whl", hash = "sha256:04dbdbaf2e4d46ca8da896e1805bc04eb85caa9a82e259e8eed00254d5e0c682", size = 9630766, upload-time = "2023-06-28T23:19:18.182Z" },
    { url = "https://files.pythonhosted.org/packages/9a/f2/0ad053856debbe90c83de1b4f05915f85fd2146f20faf9daa3b320d36df3/pandas-2.0.3-cp39-cp39-win_amd64.whl", hash = "sha256:1168574b036cd8b93abc746171c9b4f1b83467438a5e45909fed645cf8692dbc", size = 10755902, upload-time = "2023-06-28T23:19:25.151Z" },
]

[[package]]
name = "pycparser"
version = "2.23"
source = { registry = "https://pypi.org/simple" }
sdist = { url = "https://files.pythonhosted.org/packages/fe/cf/d2d3b9f5699fb1e4615c8e32ff220203e43b248e1dfcc6736ad9057731ca/pycparser-2.23.tar.gz", hash = "sha256:78816d4f24add8f10a06d6f05b4d424ad9e96cfebf68a4ddc99c65c0720d00c2", size = 173734, upload-time = "2025-09-09T13:23:47.91Z" }
wheels = [
    { url = "https://files.pythonhosted.org/packages/a0/e3/59cd50310fc9b59512193629e1984c1f95e5c8ae6e5d8c69532ccc65a7fe/pycparser-2.23-py3-none-any.whl", hash = "sha256:e5c6e8d3fbad53479cab09ac03729e0a9faf2bee3db8208a550daf5af81a5934", size = 118140, upload-time = "2025-09-09T13:23:46.651Z" },
]

[[package]]
name = "pysocks"
version = "1.7.1"
source = { registry = "https://pypi.org/simple" }
sdist = { url = "https://files.pythonhosted.org/packages/bd/11/293dd436aea955d45fc4e8a35b6ae7270f5b8e00b53cf6c024c83b657a11/PySocks-1.7.1.tar.gz", hash = "sha256:3f8804571ebe159c380ac6de37643bb4685970655d3bba243530d6558b799aa0", size = 284429, upload-time = "2019-09-20T02:07:35.714Z" }
wheels = [
    { url = "https://files.pythonhosted.org/packages/8d/59/b4572118e098ac8e46e399a1dd0f2d85403ce8bbaad9ec79373ed6badaf9/PySocks-1.7.1-py3-none-any.whl", hash = "sha256:2725bd0a9925919b9b51739eea5f9e2bae91e83288108a9ad338b2e3a4435ee5", size = 16725, upload-time = "2019-09-20T02:06:22.938Z" },
]

[[package]]
name = "python-dateutil"
version = "2.8.2"
source = { registry = "https://pypi.org/simple" }
dependencies = [
    { name = "six" },
]
sdist = { url = "https://files.pythonhosted.org/packages/4c/c4/13b4776ea2d76c115c1d1b84579f3764ee6d57204f6be27119f13a61d0a9/python-dateutil-2.8.2.tar.gz", hash = "sha256:0123cacc1627ae19ddf3c27a5de5bd67ee4586fbdd6440d9748f8abb483d3e86", size = 357324, upload-time = "2021-07-14T08:19:19.783Z" }
wheels = [
    { url = "https://files.pythonhosted.org/packages/36/7a/87837f39d0296e723bb9b62bbb257d0355c7f6128853c78955f57342a56d/python_dateutil-2.8.2-py2.py3-none-any.whl", hash = "sha256:961d03dc3453ebbc59dbdea9e4e11c5651520a876d0f4db161e8674aae935da9", size = 247702, upload-time = "2021-07-14T08:19:18.161Z" },
]

[[package]]
name = "python-dotenv"
version = "1.0.0"
source = { registry = "https://pypi.org/simple" }
sdist = { url = "https://files.pythonhosted.org/packages/31/06/1ef763af20d0572c032fa22882cfbfb005fba6e7300715a37840858c919e/python-dotenv-1.0.0.tar.gz", hash = "sha256:a8df96034aae6d2d50a4ebe8216326c61c3eb64836776504fcca410e5937a3ba", size = 37399, upload-time = "2023-02-24T06:46:37.282Z" }
wheels = [
    { url = "https://files.pythonhosted.org/packages/44/2f/62ea1c8b593f4e093cc1a7768f0d46112107e790c3e478532329e434f00b/python_dotenv-1.0.0-py3-none-any.whl", hash = "sha256:f5971a9226b701070a4bf2c38c89e5a3f0d64de8debda981d1db98583009122a", size = 19482, upload-time = "2023-02-24T06:46:36.009Z" },
]

[[package]]
name = "pytz"
version = "2023.3"
source = { registry = "https://pypi.org/simple" }
sdist = { url = "https://files.pythonhosted.org/packages/5e/32/12032aa8c673ee16707a9b6cdda2b09c0089131f35af55d443b6a9c69c1d/pytz-2023.3.tar.gz", hash = "sha256:1d8ce29db189191fb55338ee6d0387d82ab59f3d00eac103412d64e0ebd0c588", size = 317095, upload-time = "2023-03-29T04:23:28.655Z" }
wheels = [
    { url = "https://files.pythonhosted.org/packages/7f/99/ad6bd37e748257dd70d6f85d916cafe79c0b0f5e2e95b11f7fbc82bf3110/pytz-2023.3-py2.py3-none-any.whl", hash = "sha256:a151b3abb88eda1d4e34a9814df37de2a80e301e68ba0fd856fb9b46bfbbbffb", size = 502345, upload-time = "2023-03-29T04:23:25.307Z" },
]

[[package]]
name = "requests"
version = "2.31.0"
source = { registry = "https://pypi.org/simple" }
dependencies = [
    { name = "certifi" },
    { name = "charset-normalizer" },
    { name = "idna" },
    { name = "urllib3" },
]
sdist = { url = "https://files.pythonhosted.org/packages/9d/be/10918a2eac4ae9f02f6cfe6414b7a155ccd8f7f9d4380d62fd5b955065c3/requests-2.31.0.tar.gz", hash = "sha256:942c5a758f98d790eaed1a29cb6eefc7ffb0d1cf7af05c3d2791656dbd6ad1e1", size = 110794, upload-time = "2023-05-22T15:12:44.175Z" }
wheels = [
    { url = "https://files.pythonhosted.org/packages/70/8e/0e2d847013cb52cd35b38c009bb167a1a26b2ce6cd6965bf26b47bc0bf44/requests-2.31.0-py3-none-any.whl", hash = "sha256:58cd2187c01e70e6e26505bca751777aa9f2ee0b7f4300988b709f44e013003f", size = 62574, upload-time = "2023-05-22T15:12:42.313Z" },
]

[[package]]
name = "selenium"
version = "4.10.0"
source = { registry = "https://pypi.org/simple" }
dependencies = [
    { name = "certifi" },
    { name = "trio" },
    { name = "trio-websocket" },
    { name = "urllib3", extra = ["socks"] },
]
sdist = { url = "https://files.pythonhosted.org/packages/86/d3/7fd6820e441550a4d0dae621c02f75339c6fafd98352f2727dd68e6e4cda/selenium-4.10.0.tar.gz", hash = "sha256:871bf800c4934f745b909c8dfc7d15c65cf45bd2e943abd54451c810ada395e3", size = 6465647, upload-time = "2023-06-07T16:17:08.728Z" }
wheels = [
    { url = "https://files.pythonhosted.org/packages/19/e7/6c6468d913edb3645ed4d0c0c7b3bd7a2a41e78a03e0d52696408ca08189/selenium-4.10.0-py3-none-any.whl", hash = "sha256:40241b9d872f58959e9b34e258488bf11844cd86142fd68182bd41db9991fc5c", size = 6676948, upload-time = "2023-06-07T16:17:04.196Z" },
]

[[package]]
name = "sgmllib3k"
version = "1.0.0"
source = { registry = "https://pypi.org/simple" }
sdist = { url = "https://files.pythonhosted.org/packages/9e/bd/3704a8c3e0942d711c1299ebf7b9091930adae6675d7c8f476a7ce48653c/sgmllib3k-1.0.0.tar.gz", hash = "sha256:7868fb1c8bfa764c1ac563d3cf369c381d1325d36124933a726f29fcdaa812e9", size = 5750, upload-time = "2010-08-24T14:33:52.445Z" }

[[package]]
name = "six"
version = "1.16.0"
source = { registry = "https://pypi.org/simple" }
sdist = { url = "https://files.pythonhosted.org/packages/71/39/171f1c67cd00715f190ba0b100d606d440a28c93c7714febeca8b79af85e/six-1.16.0.tar.gz", hash = "sha256:1e61c37477a1626458e36f7b1d82aa5c9b094fa4802892072e49de9c60c4c926", size = 34041, upload-time = "2021-05-05T14:18:18.379Z" }
wheels = [
    { url = "https://files.pythonhosted.org/packages/d9/5a/e7c31adbe875f2abbb91bd84cf2dc52d792b5a01506781dbcf25c91daf11/six-1.16.0-py2.py3-none-any.whl", hash = "sha256:8abb2f1d86890a2dfb989f9a77cfcfd3e47c2a354b01111771326f8aa26e0254", size = 11053, upload-time = "2021-05-05T14:18:17.237Z" },
]

[[package]]
name = "sniffio"
version = "1.3.0"
source = { registry = "https://pypi.org/simple" }
sdist = { url = "https://files.pythonhosted.org/packages/cd/50/d49c388cae4ec10e8109b1b833fd265511840706808576df3ada99ecb0ac/sniffio-1.3.0.tar.gz", hash = "sha256:e60305c5e5d314f5389259b7f22aaa33d8f7dee49763119234af3755c55b9101", size = 17103, upload-time = "2022-09-01T12:31:36.968Z" }
wheels = [
    { url = "https://files.pythonhosted.org/packages/c3/a0/5dba8ed157b0136607c7f2151db695885606968d1fae123dc3391e0cfdbf/sniffio-1.3.0-py3-none-any.whl", hash = "sha256:eecefdce1e5bbfb7ad2eeaabf7c1eeb404d7757c379bd1f7e5cce9d8bf425384", size = 10165, upload-time = "2022-09-01T12:31:34.186Z" },
]

[[package]]
name = "sortedcontainers"
version = "2.4.0"
source = { registry = "https://pypi.org/simple" }
sdist = { url = "https://files.pythonhosted.org/packages/e8/c4/ba2f8066cceb6f23394729afe52f3bf7adec04bf9ed2c820b39e19299111/sortedcontainers-2.4.0.tar.gz", hash = "sha256:25caa5a06cc30b6b83d11423433f65d1f9d76c4c6a0c90e3379eaa43b9bfdb88", size = 30594, upload-time = "2021-05-16T22:03:42.897Z" }
wheels = [
    { url = "https://files.pythonhosted.org/packages/32/46/9cb0e58b2deb7f82b84065f37f3bffeb12413f947f9388e4cac22c4621ce/sortedcontainers-2.4.0-py2.py3-none-any.whl", hash = "sha256:a163dcaede0f1c021485e957a39245190e74249897e2ae4b2aa38595db237ee0", size = 29575, upload-time = "2021-05-16T22:03:41.177Z" },
]

[[package]]
name = "soupsieve"
version = "2.4.1"
source = { registry = "https://pypi.org/simple" }
sdist = { url = "https://files.pythonhosted.org/packages/47/9e/780779233a615777fbdf75a4dee2af7a345f4bf74b42d4a5f836800b9d91/soupsieve-2.4.1.tar.gz", hash = "sha256:89d12b2d5dfcd2c9e8c22326da9d9aa9cb3dfab0a83a024f05704076ee8d35ea", size = 101278, upload-time = "2023-04-16T23:56:47.956Z" }
wheels = [
    { url = "https://files.pythonhosted.org/packages/49/37/673d6490efc51ec46d198c75903d99de59baffdd47aea3d071b80a9e4e89/soupsieve-2.4.1-py3-none-any.whl", hash = "sha256:1c1bfee6819544a3447586c889157365a27e10d88cde3ad3da0cf0ddf646feb8", size = 36379, upload-time = "2023-04-16T23:56:46.279Z" },
]

[[package]]
name = "stocker-crawler"
version = "0.1.0"
source = { virtual = "." }
dependencies = [
    { name = "attrs" },
    { name = "beautifulsoup4" },
    { name = "certifi" },
    { name = "charset-normalizer" },
    { name = "exceptiongroup" },
    { name = "feedparser" },
    { name = "h11" },
    { name = "html5lib" },
    { name = "idna" },
    { name = "lxml" },
    { name = "numpy" },
    { name = "outcome" },
    { name = "packaging" },
    { name = "pandas" },
    { name = "pysocks" },
    { name = "python-dateutil" },
    { name = "python-dotenv" },
    { name = "pytz" },
    { name = "requests" },
    { name = "selenium" },
    { name = "sgmllib3k" },
    { name = "six" },
    { name = "sniffio" },
    { name = "sortedcontainers" },
    { name = "soupsieve" },
    { name = "tqdm" },
    { name = "trio" },
    { name = "trio-websocket" },
    { name = "tzdata" },
    { name = "urllib3" },
    { name = "webdriver-manager" },
    { name = "webencodings" },
    { name = "wsproto" },
]

[package.metadata]
requires-dist = [
    { name = "attrs", specifier = "==23.1.0" },
    { name = "beautifulsoup4", specifier = "==4.12.2" },
    { name = "certifi", specifier = "==2023.5.7" },
    { name = "charset-normalizer", specifier = "==3.1.0" },
    { name = "exceptiongroup", specifier = "==1.1.2" },
    { name = "feedparser", specifier = "==6.0.10" },
    { name = "h11", specifier = "==0.14.0" },
    { name = "html5lib", specifier = "==1.1" },
    { name = "idna", specifier = "==3.4" },
    { name = "lxml", specifier = "==4.9.3" },
    { name = "numpy", specifier = "==1.25.0" },
    { name = "outcome", specifier = "==1.2.0" },
    { name = "packaging", specifier = "==23.1" },
    { name = "pandas", specifier = "==2.0.3" },
    { name = "pysocks", specifier = "==1.7.1" },
    { name = "python-dateutil", specifier = "==2.8.2" },
    { name = "python-dotenv", specifier = "==1.0.0" },
    { name = "pytz", specifier = "==2023.3" },
    { name = "requests", specifier = "==2.31.0" },
    { name = "selenium", specifier = "==4.10.0" },
    { name = "sgmllib3k", specifier = "==1.0.0" },
    { name = "six", specifier = "==1.16.0" },
    { name = "sniffio", specifier = "==1.3.0" },
    { name = "sortedcontainers", specifier = "==2.4.0" },
    { name = "soupsieve", specifier = "==2.4.1" },
    { name = "tqdm", specifier = "==4.65.0" },
    { name = "trio", specifier = "==0.22.1" },
    { name = "trio-websocket", specifier = "==0.10.3" },
    { name = "tzdata", specifier = "==2023.3" },
    { name = "urllib3", specifier = "==1.26.6" },
    { name = "webdriver-manager", specifier = "==3.8.6" },
    { name = "webencodings", specifier = "==0.5.1" },
    { name = "wsproto", specifier = "==1.2.0" },
]

[[package]]
name = "tqdm"
version = "4.65.0"
source = { registry = "https://pypi.org/simple" }
dependencies = [
    { name = "colorama", marker = "sys_platform == 'win32'" },
]
sdist = { url = "https://files.pythonhosted.org/packages/3d/78/81191f56abb7d3d56963337dbdff6aa4f55805c8afd8bad64b0a34199e9b/tqdm-4.65.0.tar.gz", hash = "sha256:1871fb68a86b8fb3b59ca4cdd3dcccbc7e6d613eeed31f4c332531977b89beb5", size = 167542, upload-time = "2023-03-03T21:17:29.945Z" }
wheels = [
    { url = "https://files.pythonhosted.org/packages/e6/02/a2cff6306177ae6bc73bc0665065de51dfb3b9db7373e122e2735faf0d97/tqdm-4.65.0-py3-none-any.whl", hash = "sha256:c4f53a17fe37e132815abceec022631be8ffe1b9381c2e6e30aa70edc99e9671", size = 77094, upload-time = "2023-03-03T21:17:26.348Z" },
]

[[package]]
name = "trio"
version = "0.22.1"
source = { registry = "https://pypi.org/simple" }
dependencies = [
    { name = "attrs" },
    { name = "cffi", marker = "implementation_name != 'pypy' and os_name == 'nt'" },
    { name = "exceptiongroup" },
    { name = "idna" },
    { name = "outcome" },
    { name = "sniffio" },
    { name = "sortedcontainers" },
]
sdist = { url = "https://files.pythonhosted.org/packages/81/e5/9277865340bf4abb74e4d40eea736d7adeb92f0c0529281f7bd702c590e1/trio-0.22.1.tar.gz", hash = "sha256:eb5f641b313eb502a16de176d84cecd9ccf2394a7c8655d2297398376bb15eca", size = 487262, upload-time = "2023-07-02T02:51:06.057Z" }
wheels = [
    { url = "https://files.pythonhosted.org/packages/70/2f/6428bcc201e4db129b3320bd33d803a41e0706cf1aec44fa2f8425777493/trio-0.22.1-py3-none-any.whl", hash = "sha256:1270da4a4a33caf33f85c6a255f2ef5f71629a3ec9aea31a052062b673ae58d3", size = 399344, upload-time = "2023-07-02T02:51:03.996Z" },
]

[[package]]
name = "trio-websocket"
version = "0.10.3"
source = { registry = "https://pypi.org/simple" }
dependencies = [
    { name = "exceptiongroup" },
    { name = "trio" },
    { name = "wsproto" },
]
sdist = { url = "https://files.pythonhosted.org/packages/07/ee/fcc7708dd5c8667caf3579c45067821d8e03a560faef9d53d46af7d7c851/trio-websocket-0.10.3.tar.gz", hash = "sha256:1a748604ad906a7dcab9a43c6eb5681e37de4793ba0847ef0bc9486933ed027b", size = 26119, upload-time = "2023-06-08T05:59:46.734Z" }
wheels = [
    { url = "https://files.pythonhosted.org/packages/a5/a6/06e2373f95c12e9e8f6b910a76c86e375348ead77ab476230640666310fb/trio_websocket-0.10.3-py3-none-any.whl", hash = "sha256:a9937d48e8132ebf833019efde2a52ca82d223a30a7ea3e8d60a7d28f75a4e3a", size = 17287, upload-time = "2023-06-08T05:59:44.739Z" },
]

[[package]]
name = "tzdata"
version = "2023.3"
source = { registry = "https://pypi.org/simple" }
sdist = { url = "https://files.pythonhosted.org/packages/70/e5/81f99b9fced59624562ab62a33df639a11b26c582be78864b339dafa420d/tzdata-2023.3.tar.gz", hash = "sha256:11ef1e08e54acb0d4f95bdb1be05da659673de4acbd21bf9c69e94cc5e907a3a", size = 187483, upload-time = "2023-03-29T01:41:04.086Z" }
wheels = [
    { url = "https://files.pythonhosted.org/packages/d5/fb/a79efcab32b8a1f1ddca7f35109a50e4a80d42ac1c9187ab46522b2407d7/tzdata-2023.3-py2.py3-none-any.whl", hash = "sha256:7e65763eef3120314099b6939b5546db7adce1e7d6f2e179e3df563c70511eda", size = 341835, upload-time = "2023-03-29T01:41:02.776Z" },
]

[[package]]
name = "urllib3"
version = "1.26.6"
source = { registry = "https://pypi.org/simple" }
sdist = { url = "https://files.pythonhosted.org/packages/4f/5a/597ef5911cb8919efe4d86206aa8b2658616d676a7088f0825ca08bd7cb8/urllib3-1.26.6.tar.gz", hash = "sha256:f57b4c16c62fa2760b7e3d97c35b255512fb6b59a259730f36ba32ce9f8e342f", size = 289927, upload-time = "2021-06-25T13:24:17.834Z" }
wheels = [
    { url = "https://files.pythonhosted.org/packages/5f/64/43575537846896abac0b15c3e5ac678d787a4021e906703f1766bfb8ea11/urllib3-1.26.6-py2.py3-none-any.whl", hash = "sha256:39fb8672126159acb139a7718dd10806104dec1e2f0f6c88aab05d17df10c8d4", size = 138494, upload-time = "2021-06-25T13:24:15.31Z" },
]

[package.optional-dependencies]
socks = [
    { name = "pysocks" },
]

[[package]]
name = "webdriver-manager"
version = "3.8.6"
source = { registry = "https://pypi.org/simple" }
dependencies = [
    { name = "packaging" },
    { name = "python-dotenv" },
    { name = "requests" },
    { name = "tqdm" },
]
sdist = { url = "https://files.pythonhosted.org/packages/f1/c9/9a9b29560817537fd8ed71d60cab74aebb180b81da964f480a1c30880768/webdriver_manager-3.8.6.tar.gz", hash = "sha256:ee788d389b8f45222a8a62f6f39b579360a1f87be46dad6da89918354af3ce73", size = 26394, upload-time = "2023-04-13T20:11:40.842Z" }
wheels = [
    { url = "https://files.pythonhosted.org/packages/27/0c/9496f35163bf736aa6a988dcae3a925a2136f5eb945c2eb6939037706106/webdriver_manager-3.8.6-py2.py3-none-any.whl", hash = "sha256:7d3aa8d67bd6c92a5d25f4abd75eea2c6dd24ea6617bff986f502280903a0e2b", size = 27796, upload-time = "2023-04-13T20:11:38.946Z" },
]

[[package]]
name = "webencodings"
version = "0.5.1"
source = { registry = "https://pypi.org/simple" }
sdist = { url = "https://files.pythonhosted.org/packages/0b/02/ae6ceac1baeda530866a85075641cec12989bd8d31af6d5ab4a3e8c92f47/webencodings-0.5.1.tar.gz", hash = "sha256:b36a1c245f2d304965eb4e0a82848379241dc04b865afcc4aab16748587e1923", size = 9721, upload-time = "2017-04-05T20:21:34.189Z" }
wheels = [
    { url = "https://files.pythonhosted.org/packages/f4/24/2a3e3df732393fed8b3ebf2ec078f05546de641fe1b667ee316ec1dcf3b7/webencodings-0.5.1-py2.py3-none-any.whl", hash = "sha256:a0af1213f3c2226497a97e2b3aa01a7e4bee4f403f95be16fc9acd2947514a78", size = 11774, upload-time = "2017-04-05T20:21:32.581Z" },
]

[[package]]
name = "wsproto"
version = "1.2.0"
source = { registry = "https://pypi.org/simple" }
dependencies = [
    { name = "h11" },
]
sdist = { url = "https://files.pythonhosted.org/packages/c9/4a/44d3c295350d776427904d73c189e10aeae66d7f555bb2feee16d1e4ba5a/wsproto-1.2.0.tar.gz", hash = "sha256:ad565f26ecb92588a3e43bc3d96164de84cd9902482b130d0ddbaa9664a85065", size = 53425, upload-time = "2022-08-23T19:58:21.447Z" }
wheels = [
    { url = "https://files.pythonhosted.org/packages/78/58/e860788190eba3bcce367f74d29c4675466ce8dddfba85f7827588416f01/wsproto-1.2.0-py3-none-any.whl", hash = "sha256:b9acddd652b585d75b20477888c56642fdade28bdfd3579aa24a4d2c037dd736", size = 24226, upload-time = "2022-08-23T19:58:19.96Z" },
]
